
Microsoft Visual Studio Solution File, Format Version 12.00
# Visual Studio Version 16
VisualStudioVersion = 16.0.32901.82
MinimumVisualStudioVersion = 10.0.40219.1
Project("{FAE04EC0-301F-11D3-BF4B-00C04F79EFBC}") = "AuthorAgeFilter", "AuthorAgeFilter\AuthorAgeFilter.csproj", "{53C9D051-01CD-4990-8B0A-3BB5FA132EC3}"
EndProject
Global
	GlobalSection(SolutionConfigurationPlatforms) = preSolution
		Debug|Any CPU = Debug|Any CPU
		Release|Any CPU = Release|Any CPU
	EndGlobalSection
	GlobalSection(ProjectConfigurationPlatforms) = postSolution
		{53C9D051-01CD-4990-8B0A-3BB5FA132EC3}.Debug|Any CPU.ActiveCfg = Debug|Any CPU
		{53C9D051-01CD-4990-8B0A-3BB5FA132EC3}.Debug|Any CPU.Build.0 = Debug|Any CPU
		{53C9D051-01CD-4990-8B0A-3BB5FA132EC3}.Release|Any CPU.ActiveCfg = Release|Any CPU
		{53C9D051-01CD-4990-8B0A-3BB5FA132EC3}.Release|Any CPU.Build.0 = Release|Any CPU
	EndGlobalSection
	GlobalSection(SolutionProperties) = preSolution
		HideSolutionNode = FALSE
	EndGlobalSection
	GlobalSection(ExtensibilityGlobals) = postSolution
		SolutionGuid = {6D469474-5825-4E5C-9C54-A04089C90436}
	EndGlobalSection
EndGlobal
